
Microsoft Visual Studio Solution File, Format Version 12.00
# Visual Studio Version 17
VisualStudioVersion = 17.10.35013.160
MinimumVisualStudioVersion = 10.0.40219.1
Project("{FAE04EC0-301F-11D3-BF4B-00C04F79EFBC}") = "ProductApp", "ProductApp\ProductApp.csproj", "{8DACED2A-D296-47F3-A4F2-CB5FAA3DD5F8}"
EndProject
Global
	GlobalSection(SolutionConfigurationPlatforms) = preSolution
		Debug|Any CPU = Debug|Any CPU
		Release|Any CPU = Release|Any CPU
	EndGlobalSection
	GlobalSection(ProjectConfigurationPlatforms) = postSolution
		{8DACED2A-D296-47F3-A4F2-CB5FAA3DD5F8}.Debug|Any CPU.ActiveCfg = Debug|Any CPU
		{8DACED2A-D296-47F3-A4F2-CB5FAA3DD5F8}.Debug|Any CPU.Build.0 = Debug|Any CPU
		{8DACED2A-D296-47F3-A4F2-CB5FAA3DD5F8}.Release|Any CPU.ActiveCfg = Release|Any CPU
		{8DACED2A-D296-47F3-A4F2-CB5FAA3DD5F8}.Release|Any CPU.Build.0 = Release|Any CPU
	EndGlobalSection
	GlobalSection(SolutionProperties) = preSolution
		HideSolutionNode = FALSE
	EndGlobalSection
	GlobalSection(ExtensibilityGlobals) = postSolution
		SolutionGuid = {A58C2BDE-6027-40D5-B000-80498C50BB3E}
	EndGlobalSection
EndGlobal
